// !$*UTF8*$!
{
	archiveVersion = 1;
	classes = {
	};
	objectVersion = 50;
	objects = {

/* Begin PBXBuildFile section */
		443A90BD24A647E700D6A92D /* AppDelegate.swift in Sources */ = {isa = PBXBuildFile; fileRef = 443A90BC24A647E700D6A92D /* AppDelegate.swift */; };
		443A90BF24A647E700D6A92D /* SceneDelegate.swift in Sources */ = {isa = PBXBuildFile; fileRef = 443A90BE24A647E700D6A92D /* SceneDelegate.swift */; };
		443A90C124A647E700D6A92D /* MainView.swift in Sources */ = {isa = PBXBuildFile; fileRef = 443A90C024A647E700D6A92D /* MainView.swift */; };
		443A90C424A647E700D6A92D /* Main.storyboard in Resources */ = {isa = PBXBuildFile; fileRef = 443A90C224A647E700D6A92D /* Main.storyboard */; };
		443A90C624A647E800D6A92D /* Assets.xcassets in Resources */ = {isa = PBXBuildFile; fileRef = 443A90C524A647E800D6A92D /* Assets.xcassets */; };
		443A90C924A647E800D6A92D /* LaunchScreen.storyboard in Resources */ = {isa = PBXBuildFile; fileRef = 443A90C724A647E800D6A92D /* LaunchScreen.storyboard */; };
		443A90D424A647E800D6A92D /* ISS_informationsTests.swift in Sources */ = {isa = PBXBuildFile; fileRef = 443A90D324A647E800D6A92D /* ISS_informationsTests.swift */; };
		443A90DF24A647E800D6A92D /* ISS_informationsUITests.swift in Sources */ = {isa = PBXBuildFile; fileRef = 443A90DE24A647E800D6A92D /* ISS_informationsUITests.swift */; };
		443A90F224A6482000D6A92D /* HttpRequest.swift in Sources */ = {isa = PBXBuildFile; fileRef = 443A90F124A6482000D6A92D /* HttpRequest.swift */; };
		443A90F424A64A7500D6A92D /* Configuration.swift in Sources */ = {isa = PBXBuildFile; fileRef = 443A90F324A64A7500D6A92D /* Configuration.swift */; };
		443A90F624A64BCD00D6A92D /* HttpService.swift in Sources */ = {isa = PBXBuildFile; fileRef = 443A90F524A64BCD00D6A92D /* HttpService.swift */; };
		443A90F924A64E4600D6A92D /* IssPosition.swift in Sources */ = {isa = PBXBuildFile; fileRef = 443A90F824A64E4600D6A92D /* IssPosition.swift */; };
		443A90FB24A6507700D6A92D /* PeopleInSpace.swift in Sources */ = {isa = PBXBuildFile; fileRef = 443A90FA24A6507700D6A92D /* PeopleInSpace.swift */; };
		443A90FF24A6627C00D6A92D /* Path.swift in Sources */ = {isa = PBXBuildFile; fileRef = 443A90FE24A6627C00D6A92D /* Path.swift */; };
		443A910124A6771700D6A92D /* IssPositionToView.swift in Sources */ = {isa = PBXBuildFile; fileRef = 443A910024A6771700D6A92D /* IssPositionToView.swift */; };
		44BB19AB24A68C2E00FBC52C /* PeopleInSpaceToView.swift in Sources */ = {isa = PBXBuildFile; fileRef = 44BB19AA24A68C2E00FBC52C /* PeopleInSpaceToView.swift */; };
		44BB19AD24A6922900FBC52C /* IssPassTimes.swift in Sources */ = {isa = PBXBuildFile; fileRef = 44BB19AC24A6922900FBC52C /* IssPassTimes.swift */; };
		44BB19AF24A6929500FBC52C /* IssPassTimesToView.swift in Sources */ = {isa = PBXBuildFile; fileRef = 44BB19AE24A6929500FBC52C /* IssPassTimesToView.swift */; };
		44BB19B124A6971900FBC52C /* LocationServices.swift in Sources */ = {isa = PBXBuildFile; fileRef = 44BB19B024A6971900FBC52C /* LocationServices.swift */; };
/* End PBXBuildFile section */

/* Begin PBXContainerItemProxy section */
		443A90D024A647E800D6A92D /* PBXContainerItemProxy */ = {
			isa = PBXContainerItemProxy;
			containerPortal = 443A90B124A647E700D6A92D /* Project object */;
			proxyType = 1;
			remoteGlobalIDString = 443A90B824A647E700D6A92D;
			remoteInfo = "ISS informations";
		};
		443A90DB24A647E800D6A92D /* PBXContainerItemProxy */ = {
			isa = PBXContainerItemProxy;
			containerPortal = 443A90B124A647E700D6A92D /* Project object */;
			proxyType = 1;
			remoteGlobalIDString = 443A90B824A647E700D6A92D;
			remoteInfo = "ISS informations";
		};
/* End PBXContainerItemProxy section */

/* Begin PBXFileReference section */
		443A90B924A647E700D6A92D /* ISS informations.app */ = {isa = PBXFileReference; explicitFileType = wrapper.application; includeInIndex = 0; path = "ISS informations.app"; sourceTree = BUILT_PRODUCTS_DIR; };
		443A90BC24A647E700D6A92D /* AppDelegate.swift */ = {isa = PBXFileReference; lastKnownFileType = sourcecode.swift; path = AppDelegate.swift; sourceTree = "<group>"; };
		443A90BE24A647E700D6A92D /* SceneDelegate.swift */ = {isa = PBXFileReference; lastKnownFileType = sourcecode.swift; path = SceneDelegate.swift; sourceTree = "<group>"; };
		443A90C024A647E700D6A92D /* MainView.swift */ = {isa = PBXFileReference; lastKnownFileType = sourcecode.swift; path = MainView.swift; sourceTree = "<group>"; };
		443A90C324A647E700D6A92D /* Base */ = {isa = PBXFileReference; lastKnownFileType = file.storyboard; name = Base; path = Base.lproj/Main.storyboard; sourceTree = "<group>"; };
		443A90C524A647E800D6A92D /* Assets.xcassets */ = {isa = PBXFileReference; lastKnownFileType = folder.assetcatalog; path = Assets.xcassets; sourceTree = "<group>"; };
		443A90C824A647E800D6A92D /* Base */ = {isa = PBXFileReference; lastKnownFileType = file.storyboard; name = Base; path = Base.lproj/LaunchScreen.storyboard; sourceTree = "<group>"; };
		443A90CA24A647E800D6A92D /* Info.plist */ = {isa = PBXFileReference; lastKnownFileType = text.plist.xml; path = Info.plist; sourceTree = "<group>"; };
		443A90CF24A647E800D6A92D /* ISS informationsTests.xctest */ = {isa = PBXFileReference; explicitFileType = wrapper.cfbundle; includeInIndex = 0; path = "ISS informationsTests.xctest"; sourceTree = BUILT_PRODUCTS_DIR; };
		443A90D324A647E800D6A92D /* ISS_informationsTests.swift */ = {isa = PBXFileReference; lastKnownFileType = sourcecode.swift; path = ISS_informationsTests.swift; sourceTree = "<group>"; };
		443A90D524A647E800D6A92D /* Info.plist */ = {isa = PBXFileReference; lastKnownFileType = text.plist.xml; path = Info.plist; sourceTree = "<group>"; };
		443A90DA24A647E800D6A92D /* ISS informationsUITests.xctest */ = {isa = PBXFileReference; explicitFileType = wrapper.cfbundle; includeInIndex = 0; path = "ISS informationsUITests.xctest"; sourceTree = BUILT_PRODUCTS_DIR; };
		443A90DE24A647E800D6A92D /* ISS_informationsUITests.swift */ = {isa = PBXFileReference; lastKnownFileType = sourcecode.swift; path = ISS_informationsUITests.swift; sourceTree = "<group>"; };
		443A90E024A647E800D6A92D /* Info.plist */ = {isa = PBXFileReference; lastKnownFileType = text.plist.xml; path = Info.plist; sourceTree = "<group>"; };
		443A90F124A6482000D6A92D /* HttpRequest.swift */ = {isa = PBXFileReference; fileEncoding = 4; lastKnownFileType = sourcecode.swift; path = HttpRequest.swift; sourceTree = "<group>"; };
		443A90F324A64A7500D6A92D /* Configuration.swift */ = {isa = PBXFileReference; lastKnownFileType = sourcecode.swift; path = Configuration.swift; sourceTree = "<group>"; };
		443A90F524A64BCD00D6A92D /* HttpService.swift */ = {isa = PBXFileReference; lastKnownFileType = sourcecode.swift; path = HttpService.swift; sourceTree = "<group>"; };
		443A90F824A64E4600D6A92D /* IssPosition.swift */ = {isa = PBXFileReference; lastKnownFileType = sourcecode.swift; path = IssPosition.swift; sourceTree = "<group>"; };
		443A90FA24A6507700D6A92D /* PeopleInSpace.swift */ = {isa = PBXFileReference; lastKnownFileType = sourcecode.swift; path = PeopleInSpace.swift; sourceTree = "<group>"; };
		443A90FE24A6627C00D6A92D /* Path.swift */ = {isa = PBXFileReference; lastKnownFileType = sourcecode.swift; path = Path.swift; sourceTree = "<group>"; };
		443A910024A6771700D6A92D /* IssPositionToView.swift */ = {isa = PBXFileReference; lastKnownFileType = sourcecode.swift; path = IssPositionToView.swift; sourceTree = "<group>"; };
		44BB19AA24A68C2E00FBC52C /* PeopleInSpaceToView.swift */ = {isa = PBXFileReference; lastKnownFileType = sourcecode.swift; path = PeopleInSpaceToView.swift; sourceTree = "<group>"; };
		44BB19AC24A6922900FBC52C /* IssPassTimes.swift */ = {isa = PBXFileReference; lastKnownFileType = sourcecode.swift; path = IssPassTimes.swift; sourceTree = "<group>"; };
		44BB19AE24A6929500FBC52C /* IssPassTimesToView.swift */ = {isa = PBXFileReference; lastKnownFileType = sourcecode.swift; path = IssPassTimesToView.swift; sourceTree = "<group>"; };
		44BB19B024A6971900FBC52C /* LocationServices.swift */ = {isa = PBXFileReference; lastKnownFileType = sourcecode.swift; path = LocationServices.swift; sourceTree = "<group>"; };
/* End PBXFileReference section */

/* Begin PBXFrameworksBuildPhase section */
		443A90B624A647E700D6A92D /* Frameworks */ = {
			isa = PBXFrameworksBuildPhase;
			buildActionMask = 2147483647;
			files = (
			);
			runOnlyForDeploymentPostprocessing = 0;
		};
		443A90CC24A647E800D6A92D /* Frameworks */ = {
			isa = PBXFrameworksBuildPhase;
			buildActionMask = 2147483647;
			files = (
			);
			runOnlyForDeploymentPostprocessing = 0;
		};
		443A90D724A647E800D6A92D /* Frameworks */ = {
			isa = PBXFrameworksBuildPhase;
			buildActionMask = 2147483647;
			files = (
			);
			runOnlyForDeploymentPostprocessing = 0;
		};
/* End PBXFrameworksBuildPhase section */

/* Begin PBXGroup section */
		443A90B024A647E700D6A92D = {
			isa = PBXGroup;
			children = (
				443A90BB24A647E700D6A92D /* ISS informations */,
				443A90D224A647E800D6A92D /* ISS informationsTests */,
				443A90DD24A647E800D6A92D /* ISS informationsUITests */,
				443A90BA24A647E700D6A92D /* Products */,
			);
			sourceTree = "<group>";
		};
		443A90BA24A647E700D6A92D /* Products */ = {
			isa = PBXGroup;
			children = (
				443A90B924A647E700D6A92D /* ISS informations.app */,
				443A90CF24A647E800D6A92D /* ISS informationsTests.xctest */,
				443A90DA24A647E800D6A92D /* ISS informationsUITests.xctest */,
			);
			name = Products;
			sourceTree = "<group>";
		};
		443A90BB24A647E700D6A92D /* ISS informations */ = {
			isa = PBXGroup;
			children = (
				443A90BC24A647E700D6A92D /* AppDelegate.swift */,
				443A90BE24A647E700D6A92D /* SceneDelegate.swift */,
				443A90F324A64A7500D6A92D /* Configuration.swift */,
				443A90C224A647E700D6A92D /* Main.storyboard */,
				443A90C524A647E800D6A92D /* Assets.xcassets */,
				443A90C724A647E800D6A92D /* LaunchScreen.storyboard */,
				443A90F024A6482000D6A92D /* Model */,
				443A90ED24A6481500D6A92D /* View */,
				443A90EC24A6481000D6A92D /* ViewModel */,
				443A90CA24A647E800D6A92D /* Info.plist */,
			);
			path = "ISS informations";
			sourceTree = "<group>";
		};
		443A90D224A647E800D6A92D /* ISS informationsTests */ = {
			isa = PBXGroup;
			children = (
				443A90D324A647E800D6A92D /* ISS_informationsTests.swift */,
				443A90D524A647E800D6A92D /* Info.plist */,
			);
			path = "ISS informationsTests";
			sourceTree = "<group>";
		};
		443A90DD24A647E800D6A92D /* ISS informationsUITests */ = {
			isa = PBXGroup;
			children = (
				443A90DE24A647E800D6A92D /* ISS_informationsUITests.swift */,
				443A90E024A647E800D6A92D /* Info.plist */,
			);
			path = "ISS informationsUITests";
			sourceTree = "<group>";
		};
		443A90EC24A6481000D6A92D /* ViewModel */ = {
			isa = PBXGroup;
			children = (
				443A910024A6771700D6A92D /* IssPositionToView.swift */,
				44BB19AE24A6929500FBC52C /* IssPassTimesToView.swift */,
				44BB19AA24A68C2E00FBC52C /* PeopleInSpaceToView.swift */,
			);
			path = ViewModel;
			sourceTree = "<group>";
		};
		443A90ED24A6481500D6A92D /* View */ = {
			isa = PBXGroup;
			children = (
				443A90C024A647E700D6A92D /* MainView.swift */,
			);
			path = View;
			sourceTree = "<group>";
		};
		443A90F024A6482000D6A92D /* Model */ = {
			isa = PBXGroup;
			children = (
				443A90F724A64E2D00D6A92D /* JsonModel */,
				443A90F124A6482000D6A92D /* HttpRequest.swift */,
				443A90F524A64BCD00D6A92D /* HttpService.swift */,
				44BB19B024A6971900FBC52C /* LocationServices.swift */,
			);
			path = Model;
			sourceTree = "<group>";
		};
		443A90F724A64E2D00D6A92D /* JsonModel */ = {
			isa = PBXGroup;
			children = (
				443A90F824A64E4600D6A92D /* IssPosition.swift */,
				443A90FA24A6507700D6A92D /* PeopleInSpace.swift */,
				44BB19AC24A6922900FBC52C /* IssPassTimes.swift */,
				443A90FE24A6627C00D6A92D /* Path.swift */,
			);
			path = JsonModel;
			sourceTree = "<group>";
		};
/* End PBXGroup section */

/* Begin PBXNativeTarget section */
		443A90B824A647E700D6A92D /* ISS informations */ = {
			isa = PBXNativeTarget;
			buildConfigurationList = 443A90E324A647E800D6A92D /* Build configuration list for PBXNativeTarget "ISS informations" */;
			buildPhases = (
				443A90B524A647E700D6A92D /* Sources */,
				443A90B624A647E700D6A92D /* Frameworks */,
				443A90B724A647E700D6A92D /* Resources */,
			);
			buildRules = (
			);
			dependencies = (
			);
			name = "ISS informations";
			productName = "ISS informations";
			productReference = 443A90B924A647E700D6A92D /* ISS informations.app */;
			productType = "com.apple.product-type.application";
		};
		443A90CE24A647E800D6A92D /* ISS informationsTests */ = {
			isa = PBXNativeTarget;
			buildConfigurationList = 443A90E624A647E800D6A92D /* Build configuration list for PBXNativeTarget "ISS informationsTests" */;
			buildPhases = (
				443A90CB24A647E800D6A92D /* Sources */,
				443A90CC24A647E800D6A92D /* Frameworks */,
				443A90CD24A647E800D6A92D /* Resources */,
			);
			buildRules = (
			);
			dependencies = (
				443A90D124A647E800D6A92D /* PBXTargetDependency */,
			);
			name = "ISS informationsTests";
			productName = "ISS informationsTests";
			productReference = 443A90CF24A647E800D6A92D /* ISS informationsTests.xctest */;
			productType = "com.apple.product-type.bundle.unit-test";
		};
		443A90D924A647E800D6A92D /* ISS informationsUITests */ = {
			isa = PBXNativeTarget;
			buildConfigurationList = 443A90E924A647E800D6A92D /* Build configuration list for PBXNativeTarget "ISS informationsUITests" */;
			buildPhases = (
				443A90D624A647E800D6A92D /* Sources */,
				443A90D724A647E800D6A92D /* Frameworks */,
				443A90D824A647E800D6A92D /* Resources */,
			);
			buildRules = (
			);
			dependencies = (
				443A90DC24A647E800D6A92D /* PBXTargetDependency */,
			);
			name = "ISS informationsUITests";
			productName = "ISS informationsUITests";
			productReference = 443A90DA24A647E800D6A92D /* ISS informationsUITests.xctest */;
			productType = "com.apple.product-type.bundle.ui-testing";
		};
/* End PBXNativeTarget section */

/* Begin PBXProject section */
		443A90B124A647E700D6A92D /* Project object */ = {
			isa = PBXProject;
			attributes = {
				LastSwiftUpdateCheck = 1150;
				LastUpgradeCheck = 1150;
				ORGANIZATIONNAME = "Craig Josse";
				TargetAttributes = {
					443A90B824A647E700D6A92D = {
						CreatedOnToolsVersion = 11.5;
					};
					443A90CE24A647E800D6A92D = {
						CreatedOnToolsVersion = 11.5;
						TestTargetID = 443A90B824A647E700D6A92D;
					};
					443A90D924A647E800D6A92D = {
						CreatedOnToolsVersion = 11.5;
						TestTargetID = 443A90B824A647E700D6A92D;
					};
				};
			};
			buildConfigurationList = 443A90B424A647E700D6A92D /* Build configuration list for PBXProject "ISS informations" */;
			compatibilityVersion = "Xcode 9.3";
			developmentRegion = en;
			hasScannedForEncodings = 0;
			knownRegions = (
				en,
				Base,
			);
			mainGroup = 443A90B024A647E700D6A92D;
			productRefGroup = 443A90BA24A647E700D6A92D /* Products */;
			projectDirPath = "";
			projectRoot = "";
			targets = (
				443A90B824A647E700D6A92D /* ISS informations */,
				443A90CE24A647E800D6A92D /* ISS informationsTests */,
				443A90D924A647E800D6A92D /* ISS informationsUITests */,
			);
		};
/* End PBXProject section */

/* Begin PBXResourcesBuildPhase section */
		443A90B724A647E700D6A92D /* Resources */ = {
			isa = PBXResourcesBuildPhase;
			buildActionMask = 2147483647;
			files = (
				443A90C924A647E800D6A92D /* LaunchScreen.storyboard in Resources */,
				443A90C624A647E800D6A92D /* Assets.xcassets in Resources */,
				443A90C424A647E700D6A92D /* Main.storyboard in Resources */,
			);
			runOnlyForDeploymentPostprocessing = 0;
		};
		443A90CD24A647E800D6A92D /* Resources */ = {
			isa = PBXResourcesBuildPhase;
			buildActionMask = 2147483647;
			files = (
			);
			runOnlyForDeploymentPostprocessing = 0;
		};
		443A90D824A647E800D6A92D /* Resources */ = {
			isa = PBXResourcesBuildPhase;
			buildActionMask = 2147483647;
			files = (
			);
			runOnlyForDeploymentPostprocessing = 0;
		};
/* End PBXResourcesBuildPhase section */

/* Begin PBXSourcesBuildPhase section */
		443A90B524A647E700D6A92D /* Sources */ = {
			isa = PBXSourcesBuildPhase;
			buildActionMask = 2147483647;
			files = (
				443A90F224A6482000D6A92D /* HttpRequest.swift in Sources */,
				443A90F924A64E4600D6A92D /* IssPosition.swift in Sources */,
				44BB19B124A6971900FBC52C /* LocationServices.swift in Sources */,
				443A90F424A64A7500D6A92D /* Configuration.swift in Sources */,
				443A90C124A647E700D6A92D /* MainView.swift in Sources */,
				443A90BD24A647E700D6A92D /* AppDelegate.swift in Sources */,
				443A90FB24A6507700D6A92D /* PeopleInSpace.swift in Sources */,
				443A910124A6771700D6A92D /* IssPositionToView.swift in Sources */,
				443A90BF24A647E700D6A92D /* SceneDelegate.swift in Sources */,
				443A90FF24A6627C00D6A92D /* Path.swift in Sources */,
				443A90F624A64BCD00D6A92D /* HttpService.swift in Sources */,
				44BB19AB24A68C2E00FBC52C /* PeopleInSpaceToView.swift in Sources */,
				44BB19AD24A6922900FBC52C /* IssPassTimes.swift in Sources */,
				44BB19AF24A6929500FBC52C /* IssPassTimesToView.swift in Sources */,
			);
			runOnlyForDeploymentPostprocessing = 0;
		};
		443A90CB24A647E800D6A92D /* Sources */ = {
			isa = PBXSourcesBuildPhase;
			buildActionMask = 2147483647;
			files = (
				443A90D424A647E800D6A92D /* ISS_informationsTests.swift in Sources */,
			);
			runOnlyForDeploymentPostprocessing = 0;
		};
		443A90D624A647E800D6A92D /* Sources */ = {
			isa = PBXSourcesBuildPhase;
			buildActionMask = 2147483647;
			files = (
				443A90DF24A647E800D6A92D /* ISS_informationsUITests.swift in Sources */,
			);
			runOnlyForDeploymentPostprocessing = 0;
		};
/* End PBXSourcesBuildPhase section */

/* Begin PBXTargetDependency section */
		443A90D124A647E800D6A92D /* PBXTargetDependency */ = {
			isa = PBXTargetDependency;
			target = 443A90B824A647E700D6A92D /* ISS informations */;
			targetProxy = 443A90D024A647E800D6A92D /* PBXContainerItemProxy */;
		};
		443A90DC24A647E800D6A92D /* PBXTargetDependency */ = {
			isa = PBXTargetDependency;
			target = 443A90B824A647E700D6A92D /* ISS informations */;
			targetProxy = 443A90DB24A647E800D6A92D /* PBXContainerItemProxy */;
		};
/* End PBXTargetDependency section */

/* Begin PBXVariantGroup section */
		443A90C224A647E700D6A92D /* Main.storyboard */ = {
			isa = PBXVariantGroup;
			children = (
				443A90C324A647E700D6A92D /* Base */,
			);
			name = Main.storyboard;
			sourceTree = "<group>";
		};
		443A90C724A647E800D6A92D /* LaunchScreen.storyboard */ = {
			isa = PBXVariantGroup;
			children = (
				443A90C824A647E800D6A92D /* Base */,
			);
			name = LaunchScreen.storyboard;
			sourceTree = "<group>";
		};
/* End PBXVariantGroup section */

/* Begin XCBuildConfiguration section */
		443A90E124A647E800D6A92D /* Debug */ = {
			isa = XCBuildConfiguration;
			buildSettings = {
				ALWAYS_SEARCH_USER_PATHS = NO;
				CLANG_ANALYZER_NONNULL = YES;
				CLANG_ANALYZER_NUMBER_OBJECT_CONVERSION = YES_AGGRESSIVE;
				CLANG_CXX_LANGUAGE_STANDARD = "gnu++14";
				CLANG_CXX_LIBRARY = "libc++";
				CLANG_ENABLE_MODULES = YES;
				CLANG_ENABLE_OBJC_ARC = YES;
				CLANG_ENABLE_OBJC_WEAK = YES;
				CLANG_WARN_BLOCK_CAPTURE_AUTORELEASING = YES;
				CLANG_WARN_BOOL_CONVERSION = YES;
				CLANG_WARN_COMMA = YES;
				CLANG_WARN_CONSTANT_CONVERSION = YES;
				CLANG_WARN_DEPRECATED_OBJC_IMPLEMENTATIONS = YES;
				CLANG_WARN_DIRECT_OBJC_ISA_USAGE = YES_ERROR;
				CLANG_WARN_DOCUMENTATION_COMMENTS = YES;
				CLANG_WARN_EMPTY_BODY = YES;
				CLANG_WARN_ENUM_CONVERSION = YES;
				CLANG_WARN_INFINITE_RECURSION = YES;
				CLANG_WARN_INT_CONVERSION = YES;
				CLANG_WARN_NON_LITERAL_NULL_CONVERSION = YES;
				CLANG_WARN_OBJC_IMPLICIT_RETAIN_SELF = YES;
				CLANG_WARN_OBJC_LITERAL_CONVERSION = YES;
				CLANG_WARN_OBJC_ROOT_CLASS = YES_ERROR;
				CLANG_WARN_RANGE_LOOP_ANALYSIS = YES;
				CLANG_WARN_STRICT_PROTOTYPES = YES;
				CLANG_WARN_SUSPICIOUS_MOVE = YES;
				CLANG_WARN_UNGUARDED_AVAILABILITY = YES_AGGRESSIVE;
				CLANG_WARN_UNREACHABLE_CODE = YES;
				CLANG_WARN__DUPLICATE_METHOD_MATCH = YES;
				COPY_PHASE_STRIP = NO;
				DEBUG_INFORMATION_FORMAT = dwarf;
				ENABLE_STRICT_OBJC_MSGSEND = YES;
				ENABLE_TESTABILITY = YES;
				GCC_C_LANGUAGE_STANDARD = gnu11;
				GCC_DYNAMIC_NO_PIC = NO;
				GCC_NO_COMMON_BLOCKS = YES;
				GCC_OPTIMIZATION_LEVEL = 0;
				GCC_PREPROCESSOR_DEFINITIONS = (
					"DEBUG=1",
					"$(inherited)",
				);
				GCC_WARN_64_TO_32_BIT_CONVERSION = YES;
				GCC_WARN_ABOUT_RETURN_TYPE = YES_ERROR;
				GCC_WARN_UNDECLARED_SELECTOR = YES;
				GCC_WARN_UNINITIALIZED_AUTOS = YES_AGGRESSIVE;
				GCC_WARN_UNUSED_FUNCTION = YES;
				GCC_WARN_UNUSED_VARIABLE = YES;
				IPHONEOS_DEPLOYMENT_TARGET = 13.5;
				MTL_ENABLE_DEBUG_INFO = INCLUDE_SOURCE;
				MTL_FAST_MATH = YES;
				ONLY_ACTIVE_ARCH = YES;
				SDKROOT = iphoneos;
				SWIFT_ACTIVE_COMPILATION_CONDITIONS = DEBUG;
				SWIFT_OPTIMIZATION_LEVEL = "-Onone";
			};
			name = Debug;
		};
		443A90E224A647E800D6A92D /* Release */ = {
			isa = XCBuildConfiguration;
			buildSettings = {
				ALWAYS_SEARCH_USER_PATHS = NO;
				CLANG_ANALYZER_NONNULL = YES;
				CLANG_ANALYZER_NUMBER_OBJECT_CONVERSION = YES_AGGRESSIVE;
				CLANG_CXX_LANGUAGE_STANDARD = "gnu++14";
				CLANG_CXX_LIBRARY = "libc++";
				CLANG_ENABLE_MODULES = YES;
				CLANG_ENABLE_OBJC_ARC = YES;
				CLANG_ENABLE_OBJC_WEAK = YES;
				CLANG_WARN_BLOCK_CAPTURE_AUTORELEASING = YES;
				CLANG_WARN_BOOL_CONVERSION = YES;
				CLANG_WARN_COMMA = YES;
				CLANG_WARN_CONSTANT_CONVERSION = YES;
				CLANG_WARN_DEPRECATED_OBJC_IMPLEMENTATIONS = YES;
				CLANG_WARN_DIRECT_OBJC_ISA_USAGE = YES_ERROR;
				CLANG_WARN_DOCUMENTATION_COMMENTS = YES;
				CLANG_WARN_EMPTY_BODY = YES;
				CLANG_WARN_ENUM_CONVERSION = YES;
				CLANG_WARN_INFINITE_RECURSION = YES;
				CLANG_WARN_INT_CONVERSION = YES;
				CLANG_WARN_NON_LITERAL_NULL_CONVERSION = YES;
				CLANG_WARN_OBJC_IMPLICIT_RETAIN_SELF = YES;
				CLANG_WARN_OBJC_LITERAL_CONVERSION = YES;
				CLANG_WARN_OBJC_ROOT_CLASS = YES_ERROR;
				CLANG_WARN_RANGE_LOOP_ANALYSIS = YES;
				CLANG_WARN_STRICT_PROTOTYPES = YES;
				CLANG_WARN_SUSPICIOUS_MOVE = YES;
				CLANG_WARN_UNGUARDED_AVAILABILITY = YES_AGGRESSIVE;
				CLANG_WARN_UNREACHABLE_CODE = YES;
				CLANG_WARN__DUPLICATE_METHOD_MATCH = YES;
				COPY_PHASE_STRIP = NO;
				DEBUG_INFORMATION_FORMAT = "dwarf-with-dsym";
				ENABLE_NS_ASSERTIONS = NO;
				ENABLE_STRICT_OBJC_MSGSEND = YES;
				GCC_C_LANGUAGE_STANDARD = gnu11;
				GCC_NO_COMMON_BLOCKS = YES;
				GCC_WARN_64_TO_32_BIT_CONVERSION = YES;
				GCC_WARN_ABOUT_RETURN_TYPE = YES_ERROR;
				GCC_WARN_UNDECLARED_SELECTOR = YES;
				GCC_WARN_UNINITIALIZED_AUTOS = YES_AGGRESSIVE;
				GCC_WARN_UNUSED_FUNCTION = YES;
				GCC_WARN_UNUSED_VARIABLE = YES;
				IPHONEOS_DEPLOYMENT_TARGET = 13.5;
				MTL_ENABLE_DEBUG_INFO = NO;
				MTL_FAST_MATH = YES;
				SDKROOT = iphoneos;
				SWIFT_COMPILATION_MODE = wholemodule;
				SWIFT_OPTIMIZATION_LEVEL = "-O";
				VALIDATE_PRODUCT = YES;
			};
			name = Release;
		};
		443A90E424A647E800D6A92D /* Debug */ = {
			isa = XCBuildConfiguration;
			buildSettings = {
				ASSETCATALOG_COMPILER_APPICON_NAME = AppIcon;
				CODE_SIGN_STYLE = Automatic;
				DEVELOPMENT_TEAM = 4CPR929BWY;
				INFOPLIST_FILE = "ISS informations/Info.plist";
				LD_RUNPATH_SEARCH_PATHS = (
					"$(inherited)",
					"@executable_path/Frameworks",
				);
				PRODUCT_BUNDLE_IDENTIFIER = "craig.ISS-informations";
				PRODUCT_NAME = "$(TARGET_NAME)";
				SWIFT_VERSION = 5.0;
				TARGETED_DEVICE_FAMILY = "1,2";
			};
			name = Debug;
		};
		443A90E524A647E800D6A92D /* Release */ = {
			isa = XCBuildConfiguration;
			buildSettings = {
				ASSETCATALOG_COMPILER_APPICON_NAME = AppIcon;
				CODE_SIGN_STYLE = Automatic;
				DEVELOPMENT_TEAM = 4CPR929BWY;
				INFOPLIST_FILE = "ISS informations/Info.plist";
				LD_RUNPATH_SEARCH_PATHS = (
					"$(inherited)",
					"@executable_path/Frameworks",
				);
				PRODUCT_BUNDLE_IDENTIFIER = "craig.ISS-informations";
				PRODUCT_NAME = "$(TARGET_NAME)";
				SWIFT_VERSION = 5.0;
				TARGETED_DEVICE_FAMILY = "1,2";
			};
			name = Release;
		};
		443A90E724A647E800D6A92D /* Debug */ = {
			isa = XCBuildConfiguration;
			buildSettings = {
				ALWAYS_EMBED_SWIFT_STANDARD_LIBRARIES = YES;
				BUNDLE_LOADER = "$(TEST_HOST)";
				CODE_SIGN_STYLE = Automatic;
				DEVELOPMENT_TEAM = 4CPR929BWY;
				INFOPLIST_FILE = "ISS informationsTests/Info.plist";
				IPHONEOS_DEPLOYMENT_TARGET = 13.5;
				LD_RUNPATH_SEARCH_PATHS = (
					"$(inherited)",
					"@executable_path/Frameworks",
					"@loader_path/Frameworks",
				);
				PRODUCT_BUNDLE_IDENTIFIER = "craig.ISS-informationsTests";
				PRODUCT_NAME = "$(TARGET_NAME)";
				SWIFT_VERSION = 5.0;
				TARGETED_DEVICE_FAMILY = "1,2";
				TEST_HOST = "$(BUILT_PRODUCTS_DIR)/ISS informations.app/ISS informations";
			};
			name = Debug;
		};
		443A90E824A647E800D6A92D /* Release */ = {
			isa = XCBuildConfiguration;
			buildSettings = {
				ALWAYS_EMBED_SWIFT_STANDARD_LIBRARIES = YES;
				BUNDLE_LOADER = "$(TEST_HOST)";
				CODE_SIGN_STYLE = Automatic;
				DEVELOPMENT_TEAM = 4CPR929BWY;
				INFOPLIST_FILE = "ISS informationsTests/Info.plist";
				IPHONEOS_DEPLOYMENT_TARGET = 13.5;
				LD_RUNPATH_SEARCH_PATHS = (
					"$(inherited)",
					"@executable_path/Frameworks",
					"@loader_path/Frameworks",
				);
				PRODUCT_BUNDLE_IDENTIFIER = "craig.ISS-informationsTests";
				PRODUCT_NAME = "$(TARGET_NAME)";
				SWIFT_VERSION = 5.0;
				TARGETED_DEVICE_FAMILY = "1,2";
				TEST_HOST = "$(BUILT_PRODUCTS_DIR)/ISS informations.app/ISS informations";
			};
			name = Release;
		};
		443A90EA24A647E800D6A92D /* Debug */ = {
			isa = XCBuildConfiguration;
			buildSettings = {
				ALWAYS_EMBED_SWIFT_STANDARD_LIBRARIES = YES;
				CODE_SIGN_STYLE = Automatic;
				DEVELOPMENT_TEAM = 4CPR929BWY;
				INFOPLIST_FILE = "ISS informationsUITests/Info.plist";
				LD_RUNPATH_SEARCH_PATHS = (
					"$(inherited)",
					"@executable_path/Frameworks",
					"@loader_path/Frameworks",
				);
				PRODUCT_BUNDLE_IDENTIFIER = "craig.ISS-informationsUITests";
				PRODUCT_NAME = "$(TARGET_NAME)";
				SWIFT_VERSION = 5.0;
				TARGETED_DEVICE_FAMILY = "1,2";
				TEST_TARGET_NAME = "ISS informations";
			};
			name = Debug;
		};
		443A90EB24A647E800D6A92D /* Release */ = {
			isa = XCBuildConfiguration;
			buildSettings = {
				ALWAYS_EMBED_SWIFT_STANDARD_LIBRARIES = YES;
				CODE_SIGN_STYLE = Automatic;
				DEVELOPMENT_TEAM = 4CPR929BWY;
				INFOPLIST_FILE = "ISS informationsUITests/Info.plist";
				LD_RUNPATH_SEARCH_PATHS = (
					"$(inherited)",
					"@executable_path/Frameworks",
					"@loader_path/Frameworks",
				);
				PRODUCT_BUNDLE_IDENTIFIER = "craig.ISS-informationsUITests";
				PRODUCT_NAME = "$(TARGET_NAME)";
				SWIFT_VERSION = 5.0;
				TARGETED_DEVICE_FAMILY = "1,2";
				TEST_TARGET_NAME = "ISS informations";
			};
			name = Release;
		};
/* End XCBuildConfiguration section */

/* Begin XCConfigurationList section */
		443A90B424A647E700D6A92D /* Build configuration list for PBXProject "ISS informations" */ = {
			isa = XCConfigurationList;
			buildConfigurations = (
				443A90E124A647E800D6A92D /* Debug */,
				443A90E224A647E800D6A92D /* Release */,
			);
			defaultConfigurationIsVisible = 0;
			defaultConfigurationName = Release;
		};
		443A90E324A647E800D6A92D /* Build configuration list for PBXNativeTarget "ISS informations" */ = {
			isa = XCConfigurationList;
			buildConfigurations = (
				443A90E424A647E800D6A92D /* Debug */,
				443A90E524A647E800D6A92D /* Release */,
			);
			defaultConfigurationIsVisible = 0;
			defaultConfigurationName = Release;
		};
		443A90E624A647E800D6A92D /* Build configuration list for PBXNativeTarget "ISS informationsTests" */ = {
			isa = XCConfigurationList;
			buildConfigurations = (
				443A90E724A647E800D6A92D /* Debug */,
				443A90E824A647E800D6A92D /* Release */,
			);
			defaultConfigurationIsVisible = 0;
			defaultConfigurationName = Release;
		};
		443A90E924A647E800D6A92D /* Build configuration list for PBXNativeTarget "ISS informationsUITests" */ = {
			isa = XCConfigurationList;
			buildConfigurations = (
				443A90EA24A647E800D6A92D /* Debug */,
				443A90EB24A647E800D6A92D /* Release */,
			);
			defaultConfigurationIsVisible = 0;
			defaultConfigurationName = Release;
		};
/* End XCConfigurationList section */
	};
	rootObject = 443A90B124A647E700D6A92D /* Project object */;
}
